
Microsoft Visual Studio Solution File, Format Version 12.00
# Visual Studio Version 17
VisualStudioVersion = 17.10.34928.147
MinimumVisualStudioVersion = 10.0.40219.1
Project("{9A19103F-16F7-4668-BE54-9A1E7A4F7556}") = "Daily-Diary", "Daily-Diary\Daily-Diary.csproj", "{59CEC86B-4F95-402C-A5C8-F71D72FD4513}"
EndProject
Project("{FAE04EC0-301F-11D3-BF4B-00C04F79EFBC}") = "DailyDiaryTest", "DailyDiaryTest\DailyDiaryTest.csproj", "{591423B6-97B4-4FB9-ADB0-B1D61A8CDF9F}"
EndProject
Global
	GlobalSection(SolutionConfigurationPlatforms) = preSolution
		Debug|Any CPU = Debug|Any CPU
		Release|Any CPU = Release|Any CPU
	EndGlobalSection
	GlobalSection(ProjectConfigurationPlatforms) = postSolution
		{59CEC86B-4F95-402C-A5C8-F71D72FD4513}.Debug|Any CPU.ActiveCfg = Debug|Any CPU
		{59CEC86B-4F95-402C-A5C8-F71D72FD4513}.Debug|Any CPU.Build.0 = Debug|Any CPU
		{59CEC86B-4F95-402C-A5C8-F71D72FD4513}.Release|Any CPU.ActiveCfg = Release|Any CPU
		{59CEC86B-4F95-402C-A5C8-F71D72FD4513}.Release|Any CPU.Build.0 = Release|Any CPU
		{591423B6-97B4-4FB9-ADB0-B1D61A8CDF9F}.Debug|Any CPU.ActiveCfg = Debug|Any CPU
		{591423B6-97B4-4FB9-ADB0-B1D61A8CDF9F}.Debug|Any CPU.Build.0 = Debug|Any CPU
		{591423B6-97B4-4FB9-ADB0-B1D61A8CDF9F}.Release|Any CPU.ActiveCfg = Release|Any CPU
		{591423B6-97B4-4FB9-ADB0-B1D61A8CDF9F}.Release|Any CPU.Build.0 = Release|Any CPU
	EndGlobalSection
	GlobalSection(SolutionProperties) = preSolution
		HideSolutionNode = FALSE
	EndGlobalSection
	GlobalSection(ExtensibilityGlobals) = postSolution
		SolutionGuid = {D1719165-04B3-4D3A-B3EC-39DF213C5C85}
	EndGlobalSection
EndGlobal
